
Microsoft Visual Studio Solution File, Format Version 12.00
# Visual Studio Version 17
VisualStudioVersion = 17.8.34525.116
MinimumVisualStudioVersion = 10.0.40219.1
Project("{FAE04EC0-301F-11D3-BF4B-00C04F79EFBC}") = "ST10348753_POE_PART1_CLDV", "ST10348753_POE_PART1_CLDV.csproj", "{4A2424AC-0544-49B0-BD97-E71B40D0948A}"
EndProject
Global
	GlobalSection(SolutionConfigurationPlatforms) = preSolution
		Debug|Any CPU = Debug|Any CPU
		Release|Any CPU = Release|Any CPU
	EndGlobalSection
	GlobalSection(ProjectConfigurationPlatforms) = postSolution
		{4A2424AC-0544-49B0-BD97-E71B40D0948A}.Debug|Any CPU.ActiveCfg = Debug|Any CPU
		{4A2424AC-0544-49B0-BD97-E71B40D0948A}.Debug|Any CPU.Build.0 = Debug|Any CPU
		{4A2424AC-0544-49B0-BD97-E71B40D0948A}.Release|Any CPU.ActiveCfg = Release|Any CPU
		{4A2424AC-0544-49B0-BD97-E71B40D0948A}.Release|Any CPU.Build.0 = Release|Any CPU
	EndGlobalSection
	GlobalSection(SolutionProperties) = preSolution
		HideSolutionNode = FALSE
	EndGlobalSection
	GlobalSection(ExtensibilityGlobals) = postSolution
		SolutionGuid = {1397BF5B-B9BD-4083-8FAA-29E1C69B1463}
	EndGlobalSection
EndGlobal
